# This file is autogenerated, do not edit; changes may be undone by the next 'dep ensure'.


[[projects]]
  branch = "master"
  name = "github.com/cbergoon/merkletree"
  packages = ["."]
  revision = "217f84c78ddaa0ef3c0302ef7a77422b31128f05"

[solve-meta]
  analyzer-name = "dep"
  analyzer-version = 1
  inputs-digest = "3c84858eef0175970622a732cd07865a8717267abb02802dffb4aff324f9dea1"
  solver-name = "gps-cdcl"
  solver-version = 1
